{
  "name": "ide-swift",
  "version": "0.0.0",
  "lockfileVersion": 1,
  "requires": true,
  "dependencies": {
    "atom-languageclient": {
      "version": "0.6.7",
      "resolved": "https://registry.npmjs.org/atom-languageclient/-/atom-languageclient-0.6.7.tgz",
      "integrity": "sha1-0YnH9cTLIlwC67F3v56NvzKiWvU=",
      "requires": {
        "vscode-jsonrpc": "3.4.1"
      }
    },
    "vscode-jsonrpc": {
      "version": "3.4.1",
      "resolved": "https://registry.npmjs.org/vscode-jsonrpc/-/vscode-jsonrpc-3.4.1.tgz",
      "integrity": "sha1-4uC54SH3GitUSAWKNKOu+DdqXpE="
    }
  }
}
